
Microsoft Visual Studio Solution File, Format Version 12.00
# Visual Studio Version 16
VisualStudioVersion = 16.0.31205.134
MinimumVisualStudioVersion = 10.0.40219.1
Project("{FAE04EC0-301F-11D3-BF4B-00C04F79EFBC}") = "Bootstrap2", "Bootstrap2\Bootstrap2.csproj", "{18C8AD73-F04C-472A-BB4F-EABDE6E7D17A}"
EndProject
Global
	GlobalSection(SolutionConfigurationPlatforms) = preSolution
		Debug|Any CPU = Debug|Any CPU
		Release|Any CPU = Release|Any CPU
	EndGlobalSection
	GlobalSection(ProjectConfigurationPlatforms) = postSolution
		{18C8AD73-F04C-472A-BB4F-EABDE6E7D17A}.Debug|Any CPU.ActiveCfg = Debug|Any CPU
		{18C8AD73-F04C-472A-BB4F-EABDE6E7D17A}.Debug|Any CPU.Build.0 = Debug|Any CPU
		{18C8AD73-F04C-472A-BB4F-EABDE6E7D17A}.Release|Any CPU.ActiveCfg = Release|Any CPU
		{18C8AD73-F04C-472A-BB4F-EABDE6E7D17A}.Release|Any CPU.Build.0 = Release|Any CPU
	EndGlobalSection
	GlobalSection(SolutionProperties) = preSolution
		HideSolutionNode = FALSE
	EndGlobalSection
	GlobalSection(ExtensibilityGlobals) = postSolution
		SolutionGuid = {5E43304F-E9D8-4E11-8412-8BDC848D3E56}
	EndGlobalSection
EndGlobal
