
Microsoft Visual Studio Solution File, Format Version 12.00
# Visual Studio Version 16
VisualStudioVersion = 16.0.31205.134
MinimumVisualStudioVersion = 10.0.40219.1
Project("{FAE04EC0-301F-11D3-BF4B-00C04F79EFBC}") = "Bootstrap3", "Bootstrap3\Bootstrap3.csproj", "{7A32F88A-932E-44F7-8C4B-5E4A561BD1B5}"
EndProject
Global
	GlobalSection(SolutionConfigurationPlatforms) = preSolution
		Debug|Any CPU = Debug|Any CPU
		Release|Any CPU = Release|Any CPU
	EndGlobalSection
	GlobalSection(ProjectConfigurationPlatforms) = postSolution
		{7A32F88A-932E-44F7-8C4B-5E4A561BD1B5}.Debug|Any CPU.ActiveCfg = Debug|Any CPU
		{7A32F88A-932E-44F7-8C4B-5E4A561BD1B5}.Debug|Any CPU.Build.0 = Debug|Any CPU
		{7A32F88A-932E-44F7-8C4B-5E4A561BD1B5}.Release|Any CPU.ActiveCfg = Release|Any CPU
		{7A32F88A-932E-44F7-8C4B-5E4A561BD1B5}.Release|Any CPU.Build.0 = Release|Any CPU
	EndGlobalSection
	GlobalSection(SolutionProperties) = preSolution
		HideSolutionNode = FALSE
	EndGlobalSection
	GlobalSection(ExtensibilityGlobals) = postSolution
		SolutionGuid = {5D5FC8AF-67F6-4672-8AEC-D2BE17B51CC3}
	EndGlobalSection
EndGlobal
